<?xml version="1.0" encoding="utf-8"?>
<Project ToolsVersion="4.0" xmlns="http://schemas.microsoft.com/developer/msbuild/2003">
  <ItemGroup>
    <Filter Include="Resource Files">
      <UniqueIdentifier>{67DA6AB6-F800-4c08-8B7A-83BB121AAD01}</UniqueIdentifier>
      <Extensions>rc;ico;cur;bmp;dlg;rc2;rct;bin;rgs;gif;jpg;jpeg;jpe;resx;tiff;tif;png;wav;mfcribbon-ms</Extensions>
    </Filter>
    <Filter Include="Codes">
      <UniqueIdentifier>{c8a519cc-bd3f-49d3-950a-3604945e1db8}</UniqueIdentifier>
    </Filter>
    <Filter Include="Codes\Graphic">
      <UniqueIdentifier>{cbc0b04d-cb4c-408e-ba04-f15cb0c4f421}</UniqueIdentifier>
    </Filter>
    <Filter Include="Codes\Graphic\Source">
      <UniqueIdentifier>{e2e1ed0b-5b4f-4ba7-9552-372e45c420c9}</UniqueIdentifier>
    </Filter>
    <Filter Include="Codes\Network">
      <UniqueIdentifier>{e5e3f10c-8f0a-4600-baaf-d932113eafe2}</UniqueIdentifier>
    </Filter>
    <Filter Include="DLLs">
      <UniqueIdentifier>{b16b10b5-3498-4d58-90a4-f29065231f04}</UniqueIdentifier>
    </Filter>
    <Filter Include="Codes\Network\Source">
      <UniqueIdentifier>{03984393-cb27-44f8-89e4-adb660d41769}</UniqueIdentifier>
    </Filter>
    <Filter Include="Data">
      <UniqueIdentifier>{b2fed3ae-b37c-41c2-9515-b2948dd6aa8f}</UniqueIdentifier>
    </Filter>
    <Filter Include="Codes\Musik">
      <UniqueIdentifier>{679ae32b-f2db-4395-b894-625a2c0c6491}</UniqueIdentifier>
    </Filter>
    <Filter Include="Codes\Musik\Source">
      <UniqueIdentifier>{b3b5025c-245d-4671-b5e6-d1cc9931d8a0}</UniqueIdentifier>
    </Filter>
    <Filter Include="Codes\PlayerData">
      <UniqueIdentifier>{0e668548-644a-442e-9c31-c2d9ad6c59eb}</UniqueIdentifier>
    </Filter>
    <Filter Include="Data\img">
      <UniqueIdentifier>{4073de98-061e-451f-adf1-c24ee0da83ad}</UniqueIdentifier>
    </Filter>
    <Filter Include="Data\map">
      <UniqueIdentifier>{0f84b68c-27f6-49bd-9015-20b8c94857e7}</UniqueIdentifier>
    </Filter>
    <Filter Include="Data\sound">
      <UniqueIdentifier>{7af7f865-d792-45a0-9585-e9b2a58fe496}</UniqueIdentifier>
    </Filter>
    <Filter Include="Codes\GameLogic">
      <UniqueIdentifier>{cfa06e43-0f80-4ef9-a4e7-1abc25c93f43}</UniqueIdentifier>
    </Filter>
    <Filter Include="Codes\GameLogic\Source">
      <UniqueIdentifier>{c3749aa9-d962-486c-a32b-4d2e09c29105}</UniqueIdentifier>
    </Filter>
    <Filter Include="Data\songs">
      <UniqueIdentifier>{a9e5e736-8e26-4dad-a1ef-66de28e90e04}</UniqueIdentifier>
    </Filter>
  </ItemGroup>
  <ItemGroup>
    <ClCompile Include="SplittedSprite.cpp">
      <Filter>Codes\Graphic\Source</Filter>
    </ClCompile>
    <ClCompile Include="main.cpp">
      <Filter>Codes</Filter>
    </ClCompile>
    <ClCompile Include="Client.cpp">
      <Filter>Codes\Network\Source</Filter>
    </ClCompile>
    <ClCompile Include="tinystr.cpp">
      <Filter>Codes\Graphic\Source</Filter>
    </ClCompile>
    <ClCompile Include="tinyxml.cpp">
      <Filter>Codes\Graphic\Source</Filter>
    </ClCompile>
    <ClCompile Include="tinyxmlerror.cpp">
      <Filter>Codes\Graphic\Source</Filter>
    </ClCompile>
    <ClCompile Include="tinyxmlparser.cpp">
      <Filter>Codes\Graphic\Source</Filter>
    </ClCompile>
    <ClCompile Include="Map.cpp">
      <Filter>Codes\Graphic\Source</Filter>
    </ClCompile>
    <ClCompile Include="Game.cpp">
      <Filter>Codes\Graphic\Source</Filter>
    </ClCompile>
    <ClCompile Include="Slider.cpp">
      <Filter>Codes\Graphic\Source</Filter>
    </ClCompile>
    <ClCompile Include="Button.cpp">
      <Filter>Codes\Graphic\Source</Filter>
    </ClCompile>
    <ClCompile Include="Textbox.cpp">
      <Filter>Codes\Graphic\Source</Filter>
    </ClCompile>
    <ClCompile Include="StandardButton.cpp">
      <Filter>Codes\Graphic\Source</Filter>
    </ClCompile>
    <ClCompile Include="Lobby.cpp">
      <Filter>Codes\Network\Source</Filter>
    </ClCompile>
    <ClCompile Include="MusikSampler.cpp">
      <Filter>Codes\Musik\Source</Filter>
    </ClCompile>
    <ClCompile Include="GameLobby.cpp">
      <Filter>Codes\Network\Source</Filter>
    </ClCompile>
    <ClCompile Include="Lobby.cpp">
      <Filter>Codes\Network\Source</Filter>
    </ClCompile>
    <ClCompile Include="StandardButton.cpp">
      <Filter>Codes\Graphic\Source</Filter>
    </ClCompile>
    <ClCompile Include="Textblock.cpp">
      <Filter>Codes\Graphic\Source</Filter>
    </ClCompile>
    <ClCompile Include="TileSets.cpp">
      <Filter>Codes\Graphic\Source</Filter>
    </ClCompile>
    <ClCompile Include="MapLayer.cpp">
      <Filter>Codes\Graphic\Source</Filter>
    </ClCompile>
    <ClCompile Include="graphic_globals.cpp">
      <Filter>Codes\Graphic\Source</Filter>
    </ClCompile>
    <ClCompile Include="LoginView.cpp">
      <Filter>Codes\Graphic\Source</Filter>
    </ClCompile>
    <ClCompile Include="LobbyView.cpp">
      <Filter>Codes\Graphic\Source</Filter>
    </ClCompile>
    <ClCompile Include="LobbyEntry.cpp">
      <Filter>Codes\Graphic\Source</Filter>
    </ClCompile>
    <ClCompile Include="Statusbar.cpp">
      <Filter>Codes\Graphic\Source</Filter>
    </ClCompile>
    <ClCompile Include="MenuView.cpp">
      <Filter>Codes\Graphic\Source</Filter>
    </ClCompile>
    <ClCompile Include="IngameView.cpp">
      <Filter>Codes\Graphic\Source</Filter>
    </ClCompile>
    <ClCompile Include="CommitButton.cpp">
      <Filter>Codes\Graphic\Source</Filter>
    </ClCompile>
    <ClCompile Include="Unit.cpp">
      <Filter>Codes\Graphic\Source</Filter>
    </ClCompile>
    <ClCompile Include="GameLobbyView.cpp">
      <Filter>Codes\Graphic\Source</Filter>
    </ClCompile>
    <ClCompile Include="Login.cpp">
      <Filter>Codes\Network\Source</Filter>
    </ClCompile>
    <ClCompile Include="Connect.cpp">
      <Filter>Codes\Network\Source</Filter>
    </ClCompile>
    <ClCompile Include="City.cpp">
      <Filter>Codes\GameLogic\Source</Filter>
    </ClCompile>
    <ClCompile Include="Ingame.cpp">
      <Filter>Codes\GameLogic\Source</Filter>
    </ClCompile>
    <ClCompile Include="UnitGroup.cpp">
      <Filter>Codes\GameLogic\Source</Filter>
    </ClCompile>
    <ClCompile Include="LogicData.cpp">
      <Filter>Codes\GameLogic\Source</Filter>
    </ClCompile>
    <ClCompile Include="Army.cpp">
      <Filter>Codes\Graphic\Source</Filter>
    </ClCompile>
    <ClCompile Include="Chat.cpp">
      <Filter>Codes\GameLogic\Source</Filter>
    </ClCompile>
    <ClCompile Include="mainGui.cpp">
      <Filter>Codes\Graphic\Source</Filter>
    </ClCompile>
    <ClCompile Include="Background.cpp">
      <Filter>Codes\Graphic\Source</Filter>
    </ClCompile>
  </ItemGroup>
  <ItemGroup>
    <ClInclude Include="SplittedSprite.h">
      <Filter>Codes\Graphic</Filter>
    </ClInclude>
    <ClInclude Include="Client.h">
      <Filter>Codes\Network</Filter>
    </ClInclude>
    <ClInclude Include="tinystr.h">
      <Filter>Codes\Graphic</Filter>
    </ClInclude>
    <ClInclude Include="tinyxml.h">
      <Filter>Codes\Graphic</Filter>
    </ClInclude>
    <ClInclude Include="Map.h">
      <Filter>Codes\Graphic</Filter>
    </ClInclude>
    <ClInclude Include="Game.h">
      <Filter>Codes\Graphic</Filter>
    </ClInclude>
    <ClInclude Include="Button.h">
      <Filter>Codes\Graphic</Filter>
    </ClInclude>
    <ClInclude Include="Textbox.h">
      <Filter>Codes\Graphic</Filter>
    </ClInclude>
    <ClInclude Include="Slider.h">
      <Filter>Codes\Graphic</Filter>
    </ClInclude>
    <ClInclude Include="NetworkParticipant.h">
      <Filter>Codes\Network</Filter>
    </ClInclude>
    <ClInclude Include="IDrawable.h">
      <Filter>Codes\Graphic</Filter>
    </ClInclude>
    <ClInclude Include="IClickable.h">
      <Filter>Codes\Graphic</Filter>
    </ClInclude>
    <ClInclude Include="graphic_globals.h">
      <Filter>Codes\Graphic</Filter>
    </ClInclude>
    <ClInclude Include="IView.h">
      <Filter>Codes\Graphic</Filter>
    </ClInclude>
    <ClInclude Include="IAnimatable.h">
      <Filter>Codes\Graphic</Filter>
    </ClInclude>
    <ClInclude Include="IKeyboardInput.h">
      <Filter>Codes\Graphic</Filter>
    </ClInclude>
    <ClInclude Include="IButtonfunction.h">
      <Filter>Codes\Graphic</Filter>
    </ClInclude>
    <ClInclude Include="StandardButton.h">
      <Filter>Codes\Graphic</Filter>
    </ClInclude>
    <ClInclude Include="MusikSampler.h">
      <Filter>Codes\Musik</Filter>
    </ClInclude>
    <ClInclude Include="Lobby.h">
      <Filter>Codes\Network</Filter>
    </ClInclude>
    <ClInclude Include="GameLobby.h">
      <Filter>Codes\Network</Filter>
    </ClInclude>
    <ClInclude Include="PlayerData.h">
      <Filter>Codes\PlayerData</Filter>
    </ClInclude>
    <ClInclude Include="TileSets.h">
      <Filter>Codes\Graphic</Filter>
    </ClInclude>
    <ClInclude Include="MapLayer.h">
      <Filter>Codes\Graphic</Filter>
    </ClInclude>
    <ClInclude Include="LoginView.h">
      <Filter>Codes\Graphic</Filter>
    </ClInclude>
    <ClInclude Include="LobbyView.h">
      <Filter>Codes\Graphic</Filter>
    </ClInclude>
    <ClInclude Include="LobbyEntry.h">
      <Filter>Codes\Graphic</Filter>
    </ClInclude>
    <ClInclude Include="Statusbar.h">
      <Filter>Codes\Graphic</Filter>
    </ClInclude>
    <ClInclude Include="MenuView.h">
      <Filter>Codes\Graphic</Filter>
    </ClInclude>
    <ClInclude Include="IngameView.h">
      <Filter>Codes\Graphic</Filter>
    </ClInclude>
    <ClInclude Include="CommitButton.h">
      <Filter>Codes\Graphic</Filter>
    </ClInclude>
    <ClInclude Include="Unit.h">
      <Filter>Codes\Graphic</Filter>
    </ClInclude>
    <ClInclude Include="GameLobbyView.h">
      <Filter>Codes\Graphic</Filter>
    </ClInclude>
    <ClInclude Include="Login.h">
      <Filter>Codes\Network</Filter>
    </ClInclude>
    <ClInclude Include="Connect.h">
      <Filter>Codes\Network</Filter>
    </ClInclude>
    <ClInclude Include="City.h">
      <Filter>Codes\GameLogic</Filter>
    </ClInclude>
    <ClInclude Include="UnitGroup.h">
      <Filter>Codes\GameLogic</Filter>
    </ClInclude>
    <ClInclude Include="Ingame.h">
      <Filter>Codes\GameLogic</Filter>
    </ClInclude>
    <ClInclude Include="LogicData.h">
      <Filter>Codes\GameLogic</Filter>
    </ClInclude>
    <ClInclude Include="Army.h">
      <Filter>Codes\Graphic</Filter>
    </ClInclude>
    <ClInclude Include="Textblock.h">
      <Filter>Codes\Graphic</Filter>
    </ClInclude>
    <ClInclude Include="Background.h">
      <Filter>Codes\Graphic</Filter>
    </ClInclude>
    <ClInclude Include="Chat.h">
      <Filter>Codes\GameLogic</Filter>
    </ClInclude>
    <ClInclude Include="mainGui.h">
      <Filter>Codes\Graphic</Filter>
    </ClInclude>
  </ItemGroup>
  <ItemGroup>
    <None Include="libsndfile-1.dll">
      <Filter>DLLs</Filter>
    </None>
    <None Include="openal32.dll">
      <Filter>DLLs</Filter>
    </None>
    <None Include="sfml-audio-2.dll">
      <Filter>DLLs</Filter>
    </None>
    <None Include="sfml-audio-d-2.dll">
      <Filter>DLLs</Filter>
    </None>
    <None Include="sfml-graphics-2.dll">
      <Filter>DLLs</Filter>
    </None>
    <None Include="sfml-graphics-d-2.dll">
      <Filter>DLLs</Filter>
    </None>
    <None Include="sfml-network-2.dll">
      <Filter>DLLs</Filter>
    </None>
    <None Include="sfml-network-d-2.dll">
      <Filter>DLLs</Filter>
    </None>
    <None Include="sfml-system-2.dll">
      <Filter>DLLs</Filter>
    </None>
    <None Include="sfml-system-d-2.dll">
      <Filter>DLLs</Filter>
    </None>
    <None Include="sfml-window-2.dll">
      <Filter>DLLs</Filter>
    </None>
    <None Include="sfml-window-d-2.dll">
      <Filter>DLLs</Filter>
    </None>
    <None Include="Projektplanung.doc" />
    <None Include="Data\Images\button_small.psd">
      <Filter>Data\img</Filter>
    </None>
    <None Include="Data\Images\commit Button.psd">
      <Filter>Data\img</Filter>
    </None>
    <None Include="Data\Images\menu_bot.psd">
      <Filter>Data\img</Filter>
    </None>
    <None Include="Data\Images\menu_mid.psd">
      <Filter>Data\img</Filter>
    </None>
    <None Include="Data\Images\menu_top.psd">
      <Filter>Data\img</Filter>
    </None>
    <None Include="Data\Images\Mouse.psd">
      <Filter>Data\img</Filter>
    </None>
    <None Include="Data\Images\slider_bar.psd">
      <Filter>Data\img</Filter>
    </None>
    <None Include="Data\Images\slider_end.psd">
      <Filter>Data\img</Filter>
    </None>
    <None Include="Data\Images\slider_mover.psd">
      <Filter>Data\img</Filter>
    </None>
    <None Include="Data\Images\unit_ranged.psd">
      <Filter>Data\img</Filter>
    </None>
    <None Include="Data\Images\unit_light.psd">
      <Filter>Data\img</Filter>
    </None>
    <None Include="Data\Images\unit_heavy.psd">
      <Filter>Data\img</Filter>
    </None>
    <None Include="Data\Images\unit_artillery.psd">
      <Filter>Data\img</Filter>
    </None>
    <None Include="Data\Maps\TestMap.tmx">
      <Filter>Data\map</Filter>
    </None>
    <None Include="Data\Maps\test.tmx">
      <Filter>Data\map</Filter>
    </None>
    <None Include="Data\Maps\Map1.tmx">
      <Filter>Data\map</Filter>
    </None>
    <None Include="Data\Songs\4_Requium.ogg">
      <Filter>Data\songs</Filter>
    </None>
    <None Include="Data\Songs\login.ogg">
      <Filter>Data\songs</Filter>
    </None>
    <None Include="Data\Songs\menu.ogg">
      <Filter>Data\songs</Filter>
    </None>
    <None Include="Data\Songs\1_Steps.ogg">
      <Filter>Data\songs</Filter>
    </None>
    <None Include="Data\Songs\2_Fallen.ogg">
      <Filter>Data\songs</Filter>
    </None>
    <None Include="Data\Songs\menu2.ogg">
      <Filter>Data\songs</Filter>
    </None>
    <None Include="Data\Images\mainGui.psd">
      <Filter>Data\img</Filter>
    </None>
    <None Include="..\Server\Data\Maps\Map2.tmx">
      <Filter>Data\map</Filter>
    </None>
    <None Include="Data\Songs\3_Archangel.ogg">
      <Filter>Data\songs</Filter>
    </None>
  </ItemGroup>
  <ItemGroup>
    <Image Include="Data\Images\background.png">
      <Filter>Data\img</Filter>
    </Image>
    <Image Include="Data\Images\Button.png">
      <Filter>Data\img</Filter>
    </Image>
    <Image Include="Data\Images\Button_small.png">
      <Filter>Data\img</Filter>
    </Image>
    <Image Include="Data\Images\commit-Button.png">
      <Filter>Data\img</Filter>
    </Image>
    <Image Include="Data\Images\menu_bot.png">
      <Filter>Data\img</Filter>
    </Image>
    <Image Include="Data\Images\menu_mid.png">
      <Filter>Data\img</Filter>
    </Image>
    <Image Include="Data\Images\menu_top.png">
      <Filter>Data\img</Filter>
    </Image>
    <Image Include="Data\Images\mouse.png">
      <Filter>Data\img</Filter>
    </Image>
    <Image Include="Data\Images\slider_bar.png">
      <Filter>Data\img</Filter>
    </Image>
    <Image Include="Data\Images\slider_end.png">
      <Filter>Data\img</Filter>
    </Image>
    <Image Include="Data\Images\slider_mover.png">
      <Filter>Data\img</Filter>
    </Image>
    <Image Include="Data\Maps\TileSheets\test.png">
      <Filter>Data\img</Filter>
    </Image>
    <Image Include="Data\Images\unit_ranged.png">
      <Filter>Data\img</Filter>
    </Image>
    <Image Include="Data\Images\unit_light.png">
      <Filter>Data\img</Filter>
    </Image>
    <Image Include="Data\Images\unit_heavy.png">
      <Filter>Data\img</Filter>
    </Image>
    <Image Include="Data\Images\unit_artillery.png">
      <Filter>Data\img</Filter>
    </Image>
    <Image Include="Data\Images\gold.png">
      <Filter>Data\img</Filter>
    </Image>
    <Image Include="Data\Images\armee.png">
      <Filter>Data\img</Filter>
    </Image>
    <Image Include="Data\Images\runden_1.png">
      <Filter>Data\img</Filter>
    </Image>
    <Image Include="Data\Images\runden_2.png">
      <Filter>Data\img</Filter>
    </Image>
    <Image Include="Data\Images\stadt.png">
      <Filter>Data\img</Filter>
    </Image>
    <Image Include="Data\Images\germanset.png">
      <Filter>Data\img</Filter>
    </Image>
    <Image Include="Data\Images\mainGui.png">
      <Filter>Data\img</Filter>
    </Image>
  </ItemGroup>
  <ItemGroup>
    <Media Include="Data\Sounds\sound1.wav">
      <Filter>Data\sound</Filter>
    </Media>
    <Media Include="Data\Sounds\sound2.wav">
      <Filter>Data\sound</Filter>
    </Media>
    <Media Include="Data\Sounds\chat_close.wav">
      <Filter>Data\sound</Filter>
    </Media>
    <Media Include="Data\Sounds\chat_open.wav">
      <Filter>Data\sound</Filter>
    </Media>
    <Media Include="Data\Sounds\commit.wav">
      <Filter>Data\sound</Filter>
    </Media>
    <Media Include="Data\Sounds\lose.wav">
      <Filter>Data\sound</Filter>
    </Media>
    <Media Include="Data\Sounds\turn.wav">
      <Filter>Data\sound</Filter>
    </Media>
    <Media Include="Data\Sounds\win.wav">
      <Filter>Data\sound</Filter>
    </Media>
  </ItemGroup>
  <ItemGroup>
    <Font Include="Data\Fonts\arial.ttf">
      <Filter>Data</Filter>
    </Font>
  </ItemGroup>
</Project>