<?xml version="1.0" encoding="utf-8"?>
<Project ToolsVersion="4.0" xmlns="http://schemas.microsoft.com/developer/msbuild/2003">
  <ItemGroup>
    <Filter Include="Resource Files">
      <UniqueIdentifier>{67DA6AB6-F800-4c08-8B7A-83BB121AAD01}</UniqueIdentifier>
      <Extensions>rc;ico;cur;bmp;dlg;rc2;rct;bin;rgs;gif;jpg;jpeg;jpe;resx;tiff;tif;png;wav;mfcribbon-ms</Extensions>
    </Filter>
    <Filter Include="Codes">
      <UniqueIdentifier>{0cbcdf52-1858-41fe-889f-ec6efe6cdc08}</UniqueIdentifier>
    </Filter>
    <Filter Include="Codes\Network">
      <UniqueIdentifier>{133f732f-51c4-428f-be5f-515359f79e4b}</UniqueIdentifier>
    </Filter>
    <Filter Include="Codes\Network\Source">
      <UniqueIdentifier>{9700d15e-702c-48b1-bb5b-f94943dd9d39}</UniqueIdentifier>
    </Filter>
    <Filter Include="Codes\LogInLogic">
      <UniqueIdentifier>{62d903f1-0754-44be-9060-72fa93882855}</UniqueIdentifier>
    </Filter>
    <Filter Include="Codes\LogInLogic\Source">
      <UniqueIdentifier>{5985eacf-93c4-4068-9252-cdddc53531d9}</UniqueIdentifier>
    </Filter>
    <Filter Include="Codes\LobbyLogic">
      <UniqueIdentifier>{06769def-5102-47b8-8d04-7e35c4f59f5e}</UniqueIdentifier>
    </Filter>
    <Filter Include="Codes\LobbyLogic\Source">
      <UniqueIdentifier>{22a9272a-cd94-4456-aa17-f45bf515f70e}</UniqueIdentifier>
    </Filter>
    <Filter Include="Codes\GameLobbyLogic">
      <UniqueIdentifier>{cfd90096-6a0d-449c-82ae-9591694a0e48}</UniqueIdentifier>
    </Filter>
    <Filter Include="Codes\GameLobbyLogic\Source">
      <UniqueIdentifier>{137f1cc3-66fb-4da5-b28c-975aaf6d10a5}</UniqueIdentifier>
    </Filter>
    <Filter Include="Codes\PlayerData">
      <UniqueIdentifier>{e2dbe0d4-e057-4814-b308-61481638f2ab}</UniqueIdentifier>
    </Filter>
    <Filter Include="Codes\PlayerData\Source">
      <UniqueIdentifier>{5609a465-bc33-43ab-b28e-852d70972987}</UniqueIdentifier>
    </Filter>
  </ItemGroup>
  <ItemGroup>
    <ClInclude Include="Server.h">
      <Filter>Codes\Network</Filter>
    </ClInclude>
    <ClInclude Include="LogInLogic.h">
      <Filter>Codes\LogInLogic</Filter>
    </ClInclude>
    <ClInclude Include="LobbyLogic.h">
      <Filter>Codes\LobbyLogic</Filter>
    </ClInclude>
    <ClInclude Include="NetworkParticipant.h">
      <Filter>Codes\Network</Filter>
    </ClInclude>
    <ClInclude Include="PlayerData.h">
      <Filter>Codes\PlayerData</Filter>
    </ClInclude>
    <ClInclude Include="GameLobbyLogic.h">
      <Filter>Codes\GameLobbyLogic</Filter>
    </ClInclude>
  </ItemGroup>
  <ItemGroup>
    <ClCompile Include="Server.cpp">
      <Filter>Codes\Network\Source</Filter>
    </ClCompile>
    <ClCompile Include="main.cpp">
      <Filter>Codes</Filter>
    </ClCompile>
    <ClCompile Include="LogInLogic.cpp">
      <Filter>Codes\LogInLogic\Source</Filter>
    </ClCompile>
    <ClCompile Include="LobbyLogic.cpp">
      <Filter>Codes\LobbyLogic\Source</Filter>
    </ClCompile>
    <ClCompile Include="GameLobbyLogic.cpp">
      <Filter>Codes\GameLobbyLogic\Source</Filter>
    </ClCompile>
    <ClCompile Include="PlayerData.cpp">
      <Filter>Codes\PlayerData\Source</Filter>
    </ClCompile>
  </ItemGroup>
</Project>